
Microsoft Visual Studio Solution File, Format Version 12.00
# Visual Studio Version 17
VisualStudioVersion = 17.4.33403.182
MinimumVisualStudioVersion = 10.0.40219.1
Project("{9A19103F-16F7-4668-BE54-9A1E7A4F7556}") = "CoreAuthentication", "CoreAuthentication\CoreAuthentication.csproj", "{FE7AE055-FC8E-47C9-9867-597AAF15F78C}"
EndProject
Global
	GlobalSection(SolutionConfigurationPlatforms) = preSolution
		Debug|Any CPU = Debug|Any CPU
		Release|Any CPU = Release|Any CPU
	EndGlobalSection
	GlobalSection(ProjectConfigurationPlatforms) = postSolution
		{FE7AE055-FC8E-47C9-9867-597AAF15F78C}.Debug|Any CPU.ActiveCfg = Debug|Any CPU
		{FE7AE055-FC8E-47C9-9867-597AAF15F78C}.Debug|Any CPU.Build.0 = Debug|Any CPU
		{FE7AE055-FC8E-47C9-9867-597AAF15F78C}.Release|Any CPU.ActiveCfg = Release|Any CPU
		{FE7AE055-FC8E-47C9-9867-597AAF15F78C}.Release|Any CPU.Build.0 = Release|Any CPU
	EndGlobalSection
	GlobalSection(SolutionProperties) = preSolution
		HideSolutionNode = FALSE
	EndGlobalSection
	GlobalSection(ExtensibilityGlobals) = postSolution
		SolutionGuid = {BB95BF52-B5A6-443A-ADA5-E19BADC13F9B}
	EndGlobalSection
EndGlobal
